{
  "nodes": {
    "awesomewm-screenlock-plugin": {
      "inputs": {
        "nixpkgs": "nixpkgs"
      },
      "locked": {
        "lastModified": 1786136391,
        "narHash": "sha256-1kFHM3ARRUp98Cswhn/OVos4b53wmL5b7xie4O45/u8=",
        "owner": "macunha1",
        "repo": "awesomewm-screenlock-plugin",
        "rev": "b09dd6c66b794b4c4331a81d25523c95f2dc2d20",
        "type": "github"
      },
      "original": {
        "owner": "macunha1",
        "repo": "awesomewm-screenlock-plugin",
        "type": "github"
      }
    },
    "doom-emacs": {
      "flake": false,
      "locked": {
        "lastModified": 1785311599,
        "narHash": "sha256-cmQ2/kRScuwyywxWbiofdlL/KCQL9txWQecYC63uf+k=",
        "owner": "doomemacs",
        "repo": "doomemacs",
        "rev": "6ba99cb50cddc4441963a0ef68f971112ab4807e",
        "type": "github"
      },
      "original": {
        "owner": "doomemacs",
        "repo": "doomemacs",
        "rev": "6ba99cb50cddc4441963a0ef68f971112ab4807e",
        "type": "github"
      }
    },
    "doom-emacs-modules": {
      "flake": false,
      "locked": {
        "lastModified": 1784700508,
        "narHash": "sha256-Z+ngNBXal5ENx3PnAFEj8VSuihL6aZbSuRjFoy6HBKQ=",
        "owner": "doomemacs",
        "repo": "modules",
        "rev": "28f09d8afe81fa47ab83020b072f0dfa2f79dbdb",
        "type": "github"
      },
      "original": {
        "owner": "doomemacs",
        "repo": "modules",
        "rev": "28f09d8afe81fa47ab83020b072f0dfa2f79dbdb",
        "type": "github"
      }
    },
    "emacs-overlay": {
      "inputs": {
        "nixpkgs": "nixpkgs_2",
        "nixpkgs-stable": "nixpkgs-stable"
      },
      "locked": {
        "lastModified": 1790222974,
        "narHash": "sha256-LtBAgeKom9pHzNNPZK9qJLRuBZdiYw/9A7RZ4fo0QJs=",
        "owner": "nix-community",
        "repo": "emacs-overlay",
        "rev": "a9a5c06a23150ed6e88e9470aedd30be3e80756c",
        "type": "github"
      },
      "original": {
        "owner": "nix-community",
        "repo": "emacs-overlay",
        "type": "github"
      }
    },
    "flake-parts": {
      "inputs": {
        "nixpkgs-lib": [
          "nixlib"
        ]
      },
      "locked": {
        "lastModified": 1788450739,
        "narHash": "sha256-glZLQlzIn1fXH6PazR2iUmTo7kzzyYSshrWhLS9TqCU=",
        "owner": "hercules-ci",
        "repo": "flake-parts",
        "rev": "31729ca8cbdb4fa927b34e5f4353e6a83f39e993",
        "type": "github"
      },
      "original": {
        "owner": "hercules-ci",
        "repo": "flake-parts",
        "type": "github"
      }
    },
    "home-manager": {
      "inputs": {
        "nixpkgs": [
          "nixlib"
        ]
      },
      "locked": {
        "lastModified": 1790225410,
        "narHash": "sha256-BOyZoliWfm/beS4m3FxFKlu5at6npZen1PsWtvzzihk=",
        "owner": "nix-community",
        "repo": "home-manager",
        "rev": "4900baf1e219645e4a2acba35723852b2091bc20",
        "type": "github"
      },
      "original": {
        "owner": "nix-community",
        "ref": "master",
        "repo": "home-manager",
        "type": "github"
      }
    },
    "nixlib": {
      "locked": {
        "lastModified": 1789871957,
        "narHash": "sha256-cY6TV3IPWCsvJP+EPLvX2rRJa8YNXuybodVy1mY2L1E=",
        "owner": "nix-community",
        "repo": "nixpkgs.lib",
        "rev": "5bdaa90a7fb7ae9892329e23f1474add69e092fe",
        "type": "github"
      },
      "original": {
        "owner": "nix-community",
        "repo": "nixpkgs.lib",
        "type": "github"
      }
    },
    "nixos-hardware": {
      "inputs": {
        "nixpkgs": [
          "nixpkgs"
        ]
      },
      "locked": {
        "lastModified": 1789978172,
        "narHash": "sha256-FIRXajv1pPZ+l6On6ekkmcQ6le0Zi0ncRUoR3nB0vKA=",
        "owner": "nixos",
        "repo": "nixos-hardware",
        "rev": "9ebcb7766700d7e006d9505247bd7ce0426f4232",
        "type": "github"
      },
      "original": {
        "owner": "nixos",
        "repo": "nixos-hardware",
        "type": "github"
      }
    },
    "nixpkgs": {
      "locked": {
        "lastModified": 1785571196,
        "narHash": "sha256-KoTsyMQqnXQZq8deCEnu4QkyldkwH/bpMMhUcfMdGIw=",
        "owner": "NixOS",
        "repo": "nixpkgs",
        "rev": "148bab9c1c3c53136ecb44a6ea356a0ed5b39b06",
        "type": "github"
      },
      "original": {
        "owner": "NixOS",
        "ref": "nixos-unstable",
        "repo": "nixpkgs",
        "type": "github"
      }
    },
    "nixpkgs-stable": {
      "locked": {
        "lastModified": 1790113641,
        "narHash": "sha256-D2aaQetafdpHxbwA4ldAxs51UX0b11pXL+JL/5L8VrM=",
        "owner": "NixOS",
        "repo": "nixpkgs",
        "rev": "1bc55b9def8165e82073919945c3239903fe4dc2",
        "type": "github"
      },
      "original": {
        "owner": "NixOS",
        "ref": "nixos-26.05",
        "repo": "nixpkgs",
        "type": "github"
      }
    },
    "nixpkgs_2": {
      "locked": {
        "lastModified": 1790185690,
        "narHash": "sha256-xJ+X4hBtOcAFGBOe5nAMyMUeF9foJBmIOu3NjBqBycU=",
        "owner": "NixOS",
        "repo": "nixpkgs",
        "rev": "4975466d324710c576dc11ad614684e6bd8cad8e",
        "type": "github"
      },
      "original": {
        "owner": "NixOS",
        "ref": "nixos-unstable",
        "repo": "nixpkgs",
        "type": "github"
      }
    },
    "nixpkgs_3": {
      "locked": {
        "lastModified": 1790185690,
        "narHash": "sha256-xJ+X4hBtOcAFGBOe5nAMyMUeF9foJBmIOu3NjBqBycU=",
        "owner": "nixos",
        "repo": "nixpkgs",
        "rev": "4975466d324710c576dc11ad614684e6bd8cad8e",
        "type": "github"
      },
      "original": {
        "owner": "nixos",
        "ref": "nixos-unstable",
        "repo": "nixpkgs",
        "type": "github"
      }
    },
    "root": {
      "inputs": {
        "awesomewm-screenlock-plugin": "awesomewm-screenlock-plugin",
        "doom-emacs": "doom-emacs",
        "doom-emacs-modules": "doom-emacs-modules",
        "emacs-overlay": "emacs-overlay",
        "flake-parts": "flake-parts",
        "home-manager": "home-manager",
        "nixlib": "nixlib",
        "nixos-hardware": "nixos-hardware",
        "nixpkgs": "nixpkgs_3"
      }
    }
  },
  "root": "root",
  "version": 7
}
