{
  "nodes": {
    "emacs-overlay": {
      "locked": {
        "lastModified": 1621450541,
        "narHash": "sha256-L2bh/gwk8UEpG60QhbHOYvJIqz+HT7rKM4t0H2vEMps=",
        "owner": "nix-community",
        "repo": "emacs-overlay",
        "rev": "f0a84cb60506134c6758731623a70f00b0499433",
        "type": "github"
      },
      "original": {
        "owner": "nix-community",
        "repo": "emacs-overlay",
        "type": "github"
      }
    },
    "home-manager": {
      "inputs": {
        "nixpkgs": [
          "nixpkgs"
        ]
      },
      "locked": {
        "lastModified": 1621417094,
        "narHash": "sha256-Csk4p8jFUma7FtMnjEJGTPGxCOnTbb30xr8AXwrUTMM=",
        "owner": "nix-community",
        "repo": "home-manager",
        "rev": "3d18912f5ae7c98bd5249411d98cdf3b28fe1f09",
        "type": "github"
      },
      "original": {
        "owner": "nix-community",
        "ref": "master",
        "repo": "home-manager",
        "type": "github"
      }
    },
    "nixos-hardware": {
      "locked": {
        "lastModified": 1620983891,
        "narHash": "sha256-E2OKVgGo/cUqDsrIeYGVx64b4cxgzd7+bX33NHL0rbA=",
        "owner": "nixos",
        "repo": "nixos-hardware",
        "rev": "c4399b921fa7ff5f93ee10b3521b56b722ed74d8",
        "type": "github"
      },
      "original": {
        "owner": "nixos",
        "repo": "nixos-hardware",
        "type": "github"
      }
    },
    "nixpkgs": {
      "locked": {
        "lastModified": 1621451833,
        "narHash": "sha256-zSBd/CpYtaVD564hkLWkbxMHfx1I2ZHFaiAmoeuF1dI=",
        "owner": "NixOS",
        "repo": "nixpkgs",
        "rev": "5833277e952d62ed43827c2f06d948c40765231f",
        "type": "github"
      },
      "original": {
        "id": "nixpkgs",
        "ref": "master",
        "type": "indirect"
      }
    },
    "nixpkgs-unstable": {
      "locked": {
        "lastModified": 1621451833,
        "narHash": "sha256-zSBd/CpYtaVD564hkLWkbxMHfx1I2ZHFaiAmoeuF1dI=",
        "owner": "NixOS",
        "repo": "nixpkgs",
        "rev": "5833277e952d62ed43827c2f06d948c40765231f",
        "type": "github"
      },
      "original": {
        "id": "nixpkgs",
        "ref": "master",
        "type": "indirect"
      }
    },
    "root": {
      "inputs": {
        "emacs-overlay": "emacs-overlay",
        "home-manager": "home-manager",
        "nixos-hardware": "nixos-hardware",
        "nixpkgs": "nixpkgs",
        "nixpkgs-unstable": "nixpkgs-unstable"
      }
    }
  },
  "root": "root",
  "version": 7
}
